// !$*UTF8*$!
{
	archiveVersion = 1;
	classes = {
	};
	objectVersion = 46;
	objects = {

/* Begin PBXBuildFile section */
		90A156181D10DA3700F0780F /* AppDelegate.swift in Sources */ = {isa = PBXBuildFile; fileRef = 90A156171D10DA3700F0780F /* AppDelegate.swift */; };
		90A1561A1D10DA3700F0780F /* ViewController.swift in Sources */ = {isa = PBXBuildFile; fileRef = 90A156191D10DA3700F0780F /* ViewController.swift */; };
		90A1561D1D10DA3700F0780F /* Main.storyboard in Resources */ = {isa = PBXBuildFile; fileRef = 90A1561B1D10DA3700F0780F /* Main.storyboard */; };
		90A1561F1D10DA3700F0780F /* Assets.xcassets in Resources */ = {isa = PBXBuildFile; fileRef = 90A1561E1D10DA3700F0780F /* Assets.xcassets */; };
		90A156221D10DA3700F0780F /* LaunchScreen.storyboard in Resources */ = {isa = PBXBuildFile; fileRef = 90A156201D10DA3700F0780F /* LaunchScreen.storyboard */; };
		90A1562C1D1372DC00F0780F /* button.mp3 in Resources */ = {isa = PBXBuildFile; fileRef = 90A1562B1D1372DC00F0780F /* button.mp3 */; };
/* End PBXBuildFile section */

/* Begin PBXFileReference section */
		90A156141D10DA3700F0780F /* memorygame.app */ = {isa = PBXFileReference; explicitFileType = wrapper.application; includeInIndex = 0; path = memorygame.app; sourceTree = BUILT_PRODUCTS_DIR; };
		90A156171D10DA3700F0780F /* AppDelegate.swift */ = {isa = PBXFileReference; lastKnownFileType = sourcecode.swift; path = AppDelegate.swift; sourceTree = "<group>"; };
		90A156191D10DA3700F0780F /* ViewController.swift */ = {isa = PBXFileReference; lastKnownFileType = sourcecode.swift; path = ViewController.swift; sourceTree = "<group>"; };
		90A1561C1D10DA3700F0780F /* Base */ = {isa = PBXFileReference; lastKnownFileType = file.storyboard; name = Base; path = Base.lproj/Main.storyboard; sourceTree = "<group>"; };
		90A1561E1D10DA3700F0780F /* Assets.xcassets */ = {isa = PBXFileReference; lastKnownFileType = folder.assetcatalog; path = Assets.xcassets; sourceTree = "<group>"; };
		90A156211D10DA3700F0780F /* Base */ = {isa = PBXFileReference; lastKnownFileType = file.storyboard; name = Base; path = Base.lproj/LaunchScreen.storyboard; sourceTree = "<group>"; };
		90A156231D10DA3700F0780F /* Info.plist */ = {isa = PBXFileReference; lastKnownFileType = text.plist.xml; path = Info.plist; sourceTree = "<group>"; };
		90A1562B1D1372DC00F0780F /* button.mp3 */ = {isa = PBXFileReference; lastKnownFileType = audio.mp3; path = button.mp3; sourceTree = "<group>"; };
/* End PBXFileReference section */

/* Begin PBXFrameworksBuildPhase section */
		90A156111D10DA3700F0780F /* Frameworks */ = {
			isa = PBXFrameworksBuildPhase;
			buildActionMask = 2147483647;
			files = (
			);
			runOnlyForDeploymentPostprocessing = 0;
		};
/* End PBXFrameworksBuildPhase section */

/* Begin PBXGroup section */
		90A1560B1D10DA3700F0780F = {
			isa = PBXGroup;
			children = (
				90A156161D10DA3700F0780F /* memorygame */,
				90A156151D10DA3700F0780F /* Products */,
			);
			sourceTree = "<group>";
		};
		90A156151D10DA3700F0780F /* Products */ = {
			isa = PBXGroup;
			children = (
				90A156141D10DA3700F0780F /* memorygame.app */,
			);
			name = Products;
			sourceTree = "<group>";
		};
		90A156161D10DA3700F0780F /* memorygame */ = {
			isa = PBXGroup;
			children = (
				90A156171D10DA3700F0780F /* AppDelegate.swift */,
				90A156191D10DA3700F0780F /* ViewController.swift */,
				90A1561B1D10DA3700F0780F /* Main.storyboard */,
				90A1562B1D1372DC00F0780F /* button.mp3 */,
				90A1561E1D10DA3700F0780F /* Assets.xcassets */,
				90A156201D10DA3700F0780F /* LaunchScreen.storyboard */,
				90A156231D10DA3700F0780F /* Info.plist */,
			);
			path = memorygame;
			sourceTree = "<group>";
		};
/* End PBXGroup section */

/* Begin PBXNativeTarget section */
		90A156131D10DA3700F0780F /* memorygame */ = {
			isa = PBXNativeTarget;
			buildConfigurationList = 90A156261D10DA3700F0780F /* Build configuration list for PBXNativeTarget "memorygame" */;
			buildPhases = (
				90A156101D10DA3700F0780F /* Sources */,
				90A156111D10DA3700F0780F /* Frameworks */,
				90A156121D10DA3700F0780F /* Resources */,
			);
			buildRules = (
			);
			dependencies = (
			);
			name = memorygame;
			productName = memorygame;
			productReference = 90A156141D10DA3700F0780F /* memorygame.app */;
			productType = "com.apple.product-type.application";
		};
/* End PBXNativeTarget section */

/* Begin PBXProject section */
		90A1560C1D10DA3700F0780F /* Project object */ = {
			isa = PBXProject;
			attributes = {
				LastSwiftUpdateCheck = 0730;
				LastUpgradeCheck = 0730;
				ORGANIZATIONNAME = NarayanProduction;
				TargetAttributes = {
					90A156131D10DA3700F0780F = {
						CreatedOnToolsVersion = 7.3.1;
						LastSwiftMigration = 0810;
					};
				};
			};
			buildConfigurationList = 90A1560F1D10DA3700F0780F /* Build configuration list for PBXProject "memorygame" */;
			compatibilityVersion = "Xcode 3.2";
			developmentRegion = English;
			hasScannedForEncodings = 0;
			knownRegions = (
				en,
				Base,
			);
			mainGroup = 90A1560B1D10DA3700F0780F;
			productRefGroup = 90A156151D10DA3700F0780F /* Products */;
			projectDirPath = "";
			projectRoot = "";
			targets = (
				90A156131D10DA3700F0780F /* memorygame */,
			);
		};
/* End PBXProject section */

/* Begin PBXResourcesBuildPhase section */
		90A156121D10DA3700F0780F /* Resources */ = {
			isa = PBXResourcesBuildPhase;
			buildActionMask = 2147483647;
			files = (
				90A156221D10DA3700F0780F /* LaunchScreen.storyboard in Resources */,
				90A1562C1D1372DC00F0780F /* button.mp3 in Resources */,
				90A1561F1D10DA3700F0780F /* Assets.xcassets in Resources */,
				90A1561D1D10DA3700F0780F /* Main.storyboard in Resources */,
			);
			runOnlyForDeploymentPostprocessing = 0;
		};
/* End PBXResourcesBuildPhase section */

/* Begin PBXSourcesBuildPhase section */
		90A156101D10DA3700F0780F /* Sources */ = {
			isa = PBXSourcesBuildPhase;
			buildActionMask = 2147483647;
			files = (
				90A1561A1D10DA3700F0780F /* ViewController.swift in Sources */,
				90A156181D10DA3700F0780F /* AppDelegate.swift in Sources */,
			);
			runOnlyForDeploymentPostprocessing = 0;
		};
/* End PBXSourcesBuildPhase section */

/* Begin PBXVariantGroup section */
		90A1561B1D10DA3700F0780F /* Main.storyboard */ = {
			isa = PBXVariantGroup;
			children = (
				90A1561C1D10DA3700F0780F /* Base */,
			);
			name = Main.storyboard;
			sourceTree = "<group>";
		};
		90A156201D10DA3700F0780F /* LaunchScreen.storyboard */ = {
			isa = PBXVariantGroup;
			children = (
				90A156211D10DA3700F0780F /* Base */,
			);
			name = LaunchScreen.storyboard;
			sourceTree = "<group>";
		};
/* End PBXVariantGroup section */

/* Begin XCBuildConfiguration section */
		90A156241D10DA3700F0780F /* Debug */ = {
			isa = XCBuildConfiguration;
			buildSettings = {
				ALWAYS_SEARCH_USER_PATHS = NO;
				CLANG_ANALYZER_NONNULL = YES;
				CLANG_CXX_LANGUAGE_STANDARD = "gnu++0x";
				CLANG_CXX_LIBRARY = "libc++";
				CLANG_ENABLE_MODULES = YES;
				CLANG_ENABLE_OBJC_ARC = YES;
				CLANG_WARN_BOOL_CONVERSION = YES;
				CLANG_WARN_CONSTANT_CONVERSION = YES;
				CLANG_WARN_DIRECT_OBJC_ISA_USAGE = YES_ERROR;
				CLANG_WARN_EMPTY_BODY = YES;
				CLANG_WARN_ENUM_CONVERSION = YES;
				CLANG_WARN_INT_CONVERSION = YES;
				CLANG_WARN_OBJC_ROOT_CLASS = YES_ERROR;
				CLANG_WARN_UNREACHABLE_CODE = YES;
				CLANG_WARN__DUPLICATE_METHOD_MATCH = YES;
				"CODE_SIGN_IDENTITY[sdk=iphoneos*]" = "iPhone Developer";
				COPY_PHASE_STRIP = NO;
				DEBUG_INFORMATION_FORMAT = dwarf;
				ENABLE_STRICT_OBJC_MSGSEND = YES;
				ENABLE_TESTABILITY = YES;
				GCC_C_LANGUAGE_STANDARD = gnu99;
				GCC_DYNAMIC_NO_PIC = NO;
				GCC_NO_COMMON_BLOCKS = YES;
				GCC_OPTIMIZATION_LEVEL = 0;
				GCC_PREPROCESSOR_DEFINITIONS = (
					"DEBUG=1",
					"$(inherited)",
				);
				GCC_WARN_64_TO_32_BIT_CONVERSION = YES;
				GCC_WARN_ABOUT_RETURN_TYPE = YES_ERROR;
				GCC_WARN_UNDECLARED_SELECTOR = YES;
				GCC_WARN_UNINITIALIZED_AUTOS = YES_AGGRESSIVE;
				GCC_WARN_UNUSED_FUNCTION = YES;
				GCC_WARN_UNUSED_VARIABLE = YES;
				IPHONEOS_DEPLOYMENT_TARGET = 9.3;
				MTL_ENABLE_DEBUG_INFO = YES;
				ONLY_ACTIVE_ARCH = YES;
				SDKROOT = iphoneos;
				SWIFT_OPTIMIZATION_LEVEL = "-Onone";
			};
			name = Debug;
		};
		90A156251D10DA3700F0780F /* Release */ = {
			isa = XCBuildConfiguration;
			buildSettings = {
				ALWAYS_SEARCH_USER_PATHS = NO;
				CLANG_ANALYZER_NONNULL = YES;
				CLANG_CXX_LANGUAGE_STANDARD = "gnu++0x";
				CLANG_CXX_LIBRARY = "libc++";
				CLANG_ENABLE_MODULES = YES;
				CLANG_ENABLE_OBJC_ARC = YES;
				CLANG_WARN_BOOL_CONVERSION = YES;
				CLANG_WARN_CONSTANT_CONVERSION = YES;
				CLANG_WARN_DIRECT_OBJC_ISA_USAGE = YES_ERROR;
				CLANG_WARN_EMPTY_BODY = YES;
				CLANG_WARN_ENUM_CONVERSION = YES;
				CLANG_WARN_INT_CONVERSION = YES;
				CLANG_WARN_OBJC_ROOT_CLASS = YES_ERROR;
				CLANG_WARN_UNREACHABLE_CODE = YES;
				CLANG_WARN__DUPLICATE_METHOD_MATCH = YES;
				"CODE_SIGN_IDENTITY[sdk=iphoneos*]" = "iPhone Developer";
				COPY_PHASE_STRIP = NO;
				DEBUG_INFORMATION_FORMAT = "dwarf-with-dsym";
				ENABLE_NS_ASSERTIONS = NO;
				ENABLE_STRICT_OBJC_MSGSEND = YES;
				GCC_C_LANGUAGE_STANDARD = gnu99;
				GCC_NO_COMMON_BLOCKS = YES;
				GCC_WARN_64_TO_32_BIT_CONVERSION = YES;
				GCC_WARN_ABOUT_RETURN_TYPE = YES_ERROR;
				GCC_WARN_UNDECLARED_SELECTOR = YES;
				GCC_WARN_UNINITIALIZED_AUTOS = YES_AGGRESSIVE;
				GCC_WARN_UNUSED_FUNCTION = YES;
				GCC_WARN_UNUSED_VARIABLE = YES;
				IPHONEOS_DEPLOYMENT_TARGET = 9.3;
				MTL_ENABLE_DEBUG_INFO = NO;
				SDKROOT = iphoneos;
				VALIDATE_PRODUCT = YES;
			};
			name = Release;
		};
		90A156271D10DA3700F0780F /* Debug */ = {
			isa = XCBuildConfiguration;
			buildSettings = {
				ASSETCATALOG_COMPILER_APPICON_NAME = AppIcon;
				INFOPLIST_FILE = memorygame/Info.plist;
				LD_RUNPATH_SEARCH_PATHS = "$(inherited) @executable_path/Frameworks";
				PRODUCT_BUNDLE_IDENTIFIER = com.NarayanProduction.memorygame;
				PRODUCT_NAME = "$(TARGET_NAME)";
				SWIFT_VERSION = 3.0;
			};
			name = Debug;
		};
		90A156281D10DA3700F0780F /* Release */ = {
			isa = XCBuildConfiguration;
			buildSettings = {
				ASSETCATALOG_COMPILER_APPICON_NAME = AppIcon;
				INFOPLIST_FILE = memorygame/Info.plist;
				LD_RUNPATH_SEARCH_PATHS = "$(inherited) @executable_path/Frameworks";
				PRODUCT_BUNDLE_IDENTIFIER = com.NarayanProduction.memorygame;
				PRODUCT_NAME = "$(TARGET_NAME)";
				SWIFT_VERSION = 3.0;
			};
			name = Release;
		};
/* End XCBuildConfiguration section */

/* Begin XCConfigurationList section */
		90A1560F1D10DA3700F0780F /* Build configuration list for PBXProject "memorygame" */ = {
			isa = XCConfigurationList;
			buildConfigurations = (
				90A156241D10DA3700F0780F /* Debug */,
				90A156251D10DA3700F0780F /* Release */,
			);
			defaultConfigurationIsVisible = 0;
			defaultConfigurationName = Release;
		};
		90A156261D10DA3700F0780F /* Build configuration list for PBXNativeTarget "memorygame" */ = {
			isa = XCConfigurationList;
			buildConfigurations = (
				90A156271D10DA3700F0780F /* Debug */,
				90A156281D10DA3700F0780F /* Release */,
			);
			defaultConfigurationIsVisible = 0;
			defaultConfigurationName = Release;
		};
/* End XCConfigurationList section */
	};
	rootObject = 90A1560C1D10DA3700F0780F /* Project object */;
}
